
Microsoft Visual Studio Solution File, Format Version 12.00
# Visual Studio Version 17
VisualStudioVersion = 17.9.34728.123
MinimumVisualStudioVersion = 10.0.40219.1
Project("{FAE04EC0-301F-11D3-BF4B-00C04F79EFBC}") = "dotLNK", "dotLNK\dotLNK.csproj", "{A12BD117-EA14-4E49-A924-98817306CA4F}"
EndProject
Project("{FAE04EC0-301F-11D3-BF4B-00C04F79EFBC}") = "dotLNK_Library", "dotLNK_Library\dotLNK_Library.csproj", "{CE5FAA15-68B1-414C-8C14-EB2F918E13FA}"
EndProject
Project("{FAE04EC0-301F-11D3-BF4B-00C04F79EFBC}") = "dotLNK_Console", "dotLNK_Console\dotLNK_Console.csproj", "{7B25C355-D265-4A52-A453-092D08DF57E2}"
EndProject
Global
	GlobalSection(SolutionConfigurationPlatforms) = preSolution
		Debug|Any CPU = Debug|Any CPU
		Release|Any CPU = Release|Any CPU
	EndGlobalSection
	GlobalSection(ProjectConfigurationPlatforms) = postSolution
		{A12BD117-EA14-4E49-A924-98817306CA4F}.Debug|Any CPU.ActiveCfg = Debug|Any CPU
		{A12BD117-EA14-4E49-A924-98817306CA4F}.Debug|Any CPU.Build.0 = Debug|Any CPU
		{A12BD117-EA14-4E49-A924-98817306CA4F}.Release|Any CPU.ActiveCfg = Release|Any CPU
		{A12BD117-EA14-4E49-A924-98817306CA4F}.Release|Any CPU.Build.0 = Release|Any CPU
		{CE5FAA15-68B1-414C-8C14-EB2F918E13FA}.Debug|Any CPU.ActiveCfg = Debug|Any CPU
		{CE5FAA15-68B1-414C-8C14-EB2F918E13FA}.Debug|Any CPU.Build.0 = Debug|Any CPU
		{CE5FAA15-68B1-414C-8C14-EB2F918E13FA}.Release|Any CPU.ActiveCfg = Release|Any CPU
		{CE5FAA15-68B1-414C-8C14-EB2F918E13FA}.Release|Any CPU.Build.0 = Release|Any CPU
		{7B25C355-D265-4A52-A453-092D08DF57E2}.Debug|Any CPU.ActiveCfg = Debug|Any CPU
		{7B25C355-D265-4A52-A453-092D08DF57E2}.Debug|Any CPU.Build.0 = Debug|Any CPU
		{7B25C355-D265-4A52-A453-092D08DF57E2}.Release|Any CPU.ActiveCfg = Release|Any CPU
		{7B25C355-D265-4A52-A453-092D08DF57E2}.Release|Any CPU.Build.0 = Release|Any CPU
	EndGlobalSection
	GlobalSection(SolutionProperties) = preSolution
		HideSolutionNode = FALSE
	EndGlobalSection
	GlobalSection(ExtensibilityGlobals) = postSolution
		SolutionGuid = {F8285507-4433-487D-8D28-3F8155AFABE4}
	EndGlobalSection
EndGlobal
